# -------------------------------------------------------------------------- #
#
# Copyright (C) 2018  Intel Corporation. All rights reserved.
# Your use of Intel Corporation's design tools, logic functions 
# and other software and tools, and its AMPP partner logic 
# functions, and any output files from any of the foregoing 
# (including device programming or simulation files), and any 
# associated documentation or information are expressly subject 
# to the terms and conditions of the Intel Program License 
# Subscription Agreement, the Intel Quartus Prime License Agreement,
# the Intel FPGA IP License Agreement, or other applicable license
# agreement, including, without limitation, that your use is for
# the sole purpose of programming logic devices manufactured by
# Intel and sold by Intel or its authorized distributors.  Please
# refer to the applicable agreement for further details.
#
# -------------------------------------------------------------------------- #
#
# Quartus Prime
# Version 18.1.0 Build 625 09/12/2018 SJ Standard Edition
# Date created = 12:03:27  February 27, 2026
#
# -------------------------------------------------------------------------- #
#
# Notes:
#
# 1) The default values for assignments are stored in the file:
#		SSTMC_FPGA_assignment_defaults.qdf
#    If this file doesn't exist, see file:
#		assignment_defaults.qdf
#
# 2) Altera recommends that you do not modify this file. This
#    file is updated automatically by the Quartus Prime software
#    and any changes you make may be lost or overwritten.
#
# -------------------------------------------------------------------------- #


set_global_assignment -name FAMILY "Cyclone V"
set_global_assignment -name DEVICE 5CEBA2F17C8
set_global_assignment -name VHDL_INPUT_VERSION VHDL_2008
set_global_assignment -name TOP_LEVEL_ENTITY SSTMC_FPGA
set_global_assignment -name ORIGINAL_QUARTUS_VERSION 18.1.0
set_global_assignment -name PROJECT_CREATION_TIME_DATE "12:03:27  FEBRUARY 27, 2026"
set_global_assignment -name LAST_QUARTUS_VERSION "18.1.0 Standard Edition"
set_global_assignment -name PROJECT_OUTPUT_DIRECTORY output_files
set_global_assignment -name MIN_CORE_JUNCTION_TEMP 0
set_global_assignment -name MAX_CORE_JUNCTION_TEMP 85
set_global_assignment -name ERROR_CHECK_FREQUENCY_DIVISOR 256
set_global_assignment -name PARTITION_NETLIST_TYPE SOURCE -section_id Top
set_global_assignment -name PARTITION_FITTER_PRESERVATION_LEVEL PLACEMENT_AND_ROUTING -section_id Top
set_global_assignment -name PARTITION_COLOR 16764057 -section_id Top
set_global_assignment -name POWER_PRESET_COOLING_SOLUTION "23 MM HEAT SINK WITH 200 LFPM AIRFLOW"
set_global_assignment -name POWER_BOARD_THERMAL_MODEL "NONE (CONSERVATIVE)"
set_global_assignment -name ENABLE_OCT_DONE OFF
set_global_assignment -name STRATIXV_CONFIGURATION_SCHEME "ACTIVE SERIAL X4"
set_global_assignment -name USE_CONFIGURATION_DEVICE ON
set_global_assignment -name STRATIXII_CONFIGURATION_DEVICE EPCQ16A
set_global_assignment -name CRC_ERROR_OPEN_DRAIN ON
set_global_assignment -name RESERVE_ALL_UNUSED_PINS_WEAK_PULLUP "AS INPUT TRI-STATED"
set_global_assignment -name OUTPUT_IO_TIMING_NEAR_END_VMEAS "HALF VCCIO" -rise
set_global_assignment -name OUTPUT_IO_TIMING_NEAR_END_VMEAS "HALF VCCIO" -fall
set_global_assignment -name OUTPUT_IO_TIMING_FAR_END_VMEAS "HALF SIGNAL SWING" -rise
set_global_assignment -name OUTPUT_IO_TIMING_FAR_END_VMEAS "HALF SIGNAL SWING" -fall
set_global_assignment -name ACTIVE_SERIAL_CLOCK FREQ_100MHZ
set_global_assignment -name CONFIGURATION_VCCIO_LEVEL 3.3V
set_location_assignment PIN_N11 -to CLKIN
set_location_assignment PIN_T3 -to F_LED1
set_location_assignment PIN_T2 -to F_LED2
set_location_assignment PIN_R2 -to F_LED3
set_location_assignment PIN_R1 -to F_LED4
set_location_assignment PIN_T13 -to zz_t
set_location_assignment PIN_T12 -to zz_r
set_location_assignment PIN_T10 -to zc_t
set_location_assignment PIN_R11 -to zc_r
set_location_assignment PIN_R9 -to zc_a
set_location_assignment PIN_T8 -to zc_b
set_location_assignment PIN_T7 -to zc_c
set_location_assignment PIN_A12 -to FHOE_DRV
set_location_assignment PIN_A10 -to FHRDY_12
set_location_assignment PIN_B11 -to FHRDY_34
set_location_assignment PIN_A8 -to FHS1_DRV
set_location_assignment PIN_A9 -to FHS2_DRV
set_location_assignment PIN_A7 -to FHS3_DRV
set_location_assignment PIN_B7 -to FHS4_DRV
set_location_assignment PIN_A14 -to F_FLT1
set_location_assignment PIN_A13 -to F_FLT2
set_location_assignment PIN_A15 -to F_FLT3
set_location_assignment PIN_B15 -to F_FLT4
set_location_assignment PIN_L15 -to FLOE_DRV
set_location_assignment PIN_F15 -to FL1S1_DRV
set_location_assignment PIN_G16 -to FL1S2_DRV
set_location_assignment PIN_G15 -to FL2S1_DRV
set_location_assignment PIN_H16 -to FL2S2_DRV
set_location_assignment PIN_J16 -to FL3S1_DRV
set_location_assignment PIN_K16 -to FL3S2_DRV
set_location_assignment PIN_C16 -to UAD1_CLK
set_location_assignment PIN_B16 -to UAD1_DAT
set_location_assignment PIN_D16 -to UAD2_CLK
set_location_assignment PIN_C15 -to UAD2_DAT
set_location_assignment PIN_E15 -to F_T1CLK
set_location_assignment PIN_E16 -to F_T1OUT
set_location_assignment PIN_R15 -to F_T2CLK
set_location_assignment PIN_T15 -to F_T2OUT
set_location_assignment PIN_R14 -to F_T3CLK
set_location_assignment PIN_T14 -to F_T3OUT
set_location_assignment PIN_A4 -to F_T4CLK
set_location_assignment PIN_C4 -to F_T4OUT
set_location_assignment PIN_B6 -to F_T5CLK
set_location_assignment PIN_A5 -to F_T5OUT
set_location_assignment PIN_B3 -to FFAN_PWM
set_location_assignment PIN_C3 -to FFAN_COM
set_location_assignment PIN_A3 -to FFAN_FB1
set_global_assignment -name TIMING_ANALYZER_MULTICORNER_ANALYSIS ON
set_global_assignment -name NUM_PARALLEL_PROCESSORS ALL
set_global_assignment -name EDA_SIMULATION_TOOL "ModelSim-Altera (VHDL)"
set_global_assignment -name EDA_TIME_SCALE "1 ps" -section_id eda_simulation
set_global_assignment -name EDA_OUTPUT_DATA_FORMAT VHDL -section_id eda_simulation
set_global_assignment -name EDA_TEST_BENCH_ENABLE_STATUS TEST_BENCH_MODE -section_id eda_simulation
set_global_assignment -name EDA_NATIVELINK_SIMULATION_TEST_BENCH SSTMC_FPGA_vhd_tst -section_id eda_simulation
set_global_assignment -name EDA_TEST_BENCH_NAME SSTMC_FPGA_vhd_tst -section_id eda_simulation
set_global_assignment -name EDA_DESIGN_INSTANCE_NAME NA -section_id SSTMC_FPGA_vhd_tst
set_global_assignment -name EDA_TEST_BENCH_RUN_SIM_FOR "1 s" -section_id SSTMC_FPGA_vhd_tst
set_global_assignment -name EDA_TEST_BENCH_MODULE_NAME SSTMC_FPGA_vhd_tst -section_id SSTMC_FPGA_vhd_tst
set_global_assignment -name EDA_TEST_BENCH_FILE simulation/modelsim/SSTMC_FPGA.vht -section_id SSTMC_FPGA_vhd_tst
set_global_assignment -name SOURCE_FILE TX_Comm.cmp
set_global_assignment -name VHDL_FILE TX_Comm.vhd
set_global_assignment -name SOURCE_FILE RAM_16_2048.cmp
set_global_assignment -name SOURCE_FILE AMC1035_5CH_Controller.cmp
set_global_assignment -name QIP_FILE RAM_16_2048.qip
set_global_assignment -name VHDL_FILE RAM_16_2048.vhd
set_global_assignment -name VHDL_FILE AMC1305_16bit_Controller.vhd
set_global_assignment -name VHDL_FILE AMC1035_5CH_Controller.vhd
set_global_assignment -name SIP_FILE sz_pll.sip
set_global_assignment -name SOURCE_FILE sz_pll.cmp
set_global_assignment -name QIP_FILE sz_pll.qip
set_global_assignment -name VHDL_FILE module/Core/UartCore/uart_send.vhd
set_global_assignment -name VHDL_FILE module/Core/UartCore/uart_recv.vhd
set_global_assignment -name VHDL_FILE module/Core/UartCore/uart_cmd_parser.vhd
set_global_assignment -name VHDL_FILE module/Core/DebugTest/debug_test.vhd
set_global_assignment -name VHDL_FILE module/Core/UartCore/uart_debug_core.vhd
set_global_assignment -name VHDL_FILE module/Core/PwmCore/llc_pwm_gen.vhd
set_global_assignment -name EDA_TEST_BENCH_NAME uart_debug_core_tb -section_id eda_simulation
set_global_assignment -name EDA_DESIGN_INSTANCE_NAME NA -section_id uart_debug_core_tb
set_global_assignment -name EDA_TEST_BENCH_RUN_SIM_FOR "100 ms" -section_id uart_debug_core_tb
set_global_assignment -name EDA_TEST_BENCH_MODULE_NAME uart_debug_core_tb -section_id uart_debug_core_tb
set_global_assignment -name EDA_TEST_BENCH_FILE module/Simulation/uart_debug_core_tb.vhd -section_id uart_debug_core_tb
set_global_assignment -name VHDL_FILE SSTMC_FPGA.vhd
set_global_assignment -name SDC_FILE SSTMC_FPGA.sdc
set_instance_assignment -name IO_STANDARD "3.3-V LVCMOS" -to CLKIN
set_instance_assignment -name IO_STANDARD "3.3-V LVCMOS" -to F_LED1
set_instance_assignment -name IO_STANDARD "3.3-V LVCMOS" -to F_LED2
set_instance_assignment -name IO_STANDARD "3.3-V LVCMOS" -to F_LED3
set_instance_assignment -name IO_STANDARD "3.3-V LVCMOS" -to F_LED4
set_instance_assignment -name IO_STANDARD "3.3-V LVCMOS" -to zz_t
set_instance_assignment -name IO_STANDARD "3.3-V LVCMOS" -to zz_r
set_instance_assignment -name IO_STANDARD "3.3-V LVCMOS" -to zc_t
set_instance_assignment -name IO_STANDARD "3.3-V LVCMOS" -to zc_r
set_instance_assignment -name IO_STANDARD "3.3-V LVCMOS" -to zc_a
set_instance_assignment -name IO_STANDARD "3.3-V LVCMOS" -to zc_b
set_instance_assignment -name IO_STANDARD "3.3-V LVCMOS" -to zc_c
set_instance_assignment -name IO_STANDARD "3.3-V LVCMOS" -to FHOE_DRV
set_instance_assignment -name IO_STANDARD "3.3-V LVCMOS" -to FHRDY_12
set_instance_assignment -name IO_STANDARD "3.3-V LVCMOS" -to FHRDY_34
set_instance_assignment -name IO_STANDARD "3.3-V LVCMOS" -to FHS1_DRV
set_instance_assignment -name IO_STANDARD "3.3-V LVCMOS" -to FHS2_DRV
set_instance_assignment -name IO_STANDARD "3.3-V LVCMOS" -to FHS3_DRV
set_instance_assignment -name IO_STANDARD "3.3-V LVCMOS" -to FHS4_DRV
set_instance_assignment -name IO_STANDARD "3.3-V LVCMOS" -to F_FLT1
set_instance_assignment -name IO_STANDARD "3.3-V LVCMOS" -to F_FLT2
set_instance_assignment -name IO_STANDARD "3.3-V LVCMOS" -to F_FLT3
set_instance_assignment -name IO_STANDARD "3.3-V LVCMOS" -to F_FLT4
set_instance_assignment -name IO_STANDARD "3.3-V LVCMOS" -to FLOE_DRV
set_instance_assignment -name IO_STANDARD "3.3-V LVCMOS" -to FL1S1_DRV
set_instance_assignment -name IO_STANDARD "3.3-V LVCMOS" -to FL1S2_DRV
set_instance_assignment -name IO_STANDARD "3.3-V LVCMOS" -to FL2S1_DRV
set_instance_assignment -name IO_STANDARD "3.3-V LVCMOS" -to FL2S2_DRV
set_instance_assignment -name IO_STANDARD "3.3-V LVCMOS" -to FL3S1_DRV
set_instance_assignment -name IO_STANDARD "3.3-V LVCMOS" -to FL3S2_DRV
set_instance_assignment -name IO_STANDARD "3.3-V LVCMOS" -to UAD1_CLK
set_instance_assignment -name IO_STANDARD "3.3-V LVCMOS" -to UAD1_DAT
set_instance_assignment -name IO_STANDARD "3.3-V LVCMOS" -to UAD2_CLK
set_instance_assignment -name IO_STANDARD "3.3-V LVCMOS" -to UAD2_DAT
set_instance_assignment -name IO_STANDARD "3.3-V LVCMOS" -to F_T1CLK
set_instance_assignment -name IO_STANDARD "3.3-V LVCMOS" -to F_T1OUT
set_instance_assignment -name IO_STANDARD "3.3-V LVCMOS" -to F_T2CLK
set_instance_assignment -name IO_STANDARD "3.3-V LVCMOS" -to F_T2OUT
set_instance_assignment -name IO_STANDARD "3.3-V LVCMOS" -to F_T3CLK
set_instance_assignment -name IO_STANDARD "3.3-V LVCMOS" -to F_T3OUT
set_instance_assignment -name IO_STANDARD "3.3-V LVCMOS" -to F_T4CLK
set_instance_assignment -name IO_STANDARD "3.3-V LVCMOS" -to F_T4OUT
set_instance_assignment -name IO_STANDARD "3.3-V LVCMOS" -to F_T5CLK
set_instance_assignment -name IO_STANDARD "3.3-V LVCMOS" -to F_T5OUT
set_instance_assignment -name IO_STANDARD "3.3-V LVCMOS" -to FFAN_PWM
set_instance_assignment -name IO_STANDARD "3.3-V LVCMOS" -to FFAN_COM
set_instance_assignment -name IO_STANDARD "3.3-V LVCMOS" -to FFAN_FB1
set_instance_assignment -name PARTITION_HIERARCHY root_partition -to | -section_id Top